
Microsoft Visual Studio Solution File, Format Version 12.00
Project("{FAE04EC0-301F-11D3-BF4B-00C04F79EFBC}") = "Tools.NumberToWordsConversion.Web", "Tools.NumberToWordsConversion.Web\Tools.NumberToWordsConversion.Web.csproj", "{61FEDCAA-09A8-42EE-B0DE-093A6C776BD1}"
EndProject
Project("{2150E333-8FDC-42A3-9474-1A3956D46DE8}") = "Solution Items", "Solution Items", "{429A095D-9BFC-4253-920B-FE4E49CA20E3}"
	ProjectSection(SolutionItems) = preProject
		compose.yaml = compose.yaml
	EndProjectSection
EndProject
Project("{FAE04EC0-301F-11D3-BF4B-00C04F79EFBC}") = "Tools.NumberToWordsConversion.Application", "Tools.NumberToWordsConversion.Application\Tools.NumberToWordsConversion.Application.csproj", "{32EF10EA-2112-4BA7-9891-1286ECD7DB23}"
EndProject
Project("{2150E333-8FDC-42A3-9474-1A3956D46DE8}") = "tests", "tests", "{AC5223D1-B7D5-4F43-AFC2-04E897AD4C63}"
EndProject
Project("{FAE04EC0-301F-11D3-BF4B-00C04F79EFBC}") = "Tools.NumberToWordsConversion.Tests", "Tools.NumberToWordsConversion.Tests\Tools.NumberToWordsConversion.Tests.csproj", "{25DC2A62-E73B-4650-B87F-4C339887C447}"
EndProject
Global
	GlobalSection(SolutionConfigurationPlatforms) = preSolution
		Debug|Any CPU = Debug|Any CPU
		Release|Any CPU = Release|Any CPU
	EndGlobalSection
	GlobalSection(ProjectConfigurationPlatforms) = postSolution
		{61FEDCAA-09A8-42EE-B0DE-093A6C776BD1}.Debug|Any CPU.ActiveCfg = Debug|Any CPU
		{61FEDCAA-09A8-42EE-B0DE-093A6C776BD1}.Debug|Any CPU.Build.0 = Debug|Any CPU
		{61FEDCAA-09A8-42EE-B0DE-093A6C776BD1}.Release|Any CPU.ActiveCfg = Release|Any CPU
		{61FEDCAA-09A8-42EE-B0DE-093A6C776BD1}.Release|Any CPU.Build.0 = Release|Any CPU
		{32EF10EA-2112-4BA7-9891-1286ECD7DB23}.Debug|Any CPU.ActiveCfg = Debug|Any CPU
		{32EF10EA-2112-4BA7-9891-1286ECD7DB23}.Debug|Any CPU.Build.0 = Debug|Any CPU
		{32EF10EA-2112-4BA7-9891-1286ECD7DB23}.Release|Any CPU.ActiveCfg = Release|Any CPU
		{32EF10EA-2112-4BA7-9891-1286ECD7DB23}.Release|Any CPU.Build.0 = Release|Any CPU
		{25DC2A62-E73B-4650-B87F-4C339887C447}.Debug|Any CPU.ActiveCfg = Debug|Any CPU
		{25DC2A62-E73B-4650-B87F-4C339887C447}.Debug|Any CPU.Build.0 = Debug|Any CPU
		{25DC2A62-E73B-4650-B87F-4C339887C447}.Release|Any CPU.ActiveCfg = Release|Any CPU
		{25DC2A62-E73B-4650-B87F-4C339887C447}.Release|Any CPU.Build.0 = Release|Any CPU
	EndGlobalSection
	GlobalSection(NestedProjects) = preSolution
		{25DC2A62-E73B-4650-B87F-4C339887C447} = {AC5223D1-B7D5-4F43-AFC2-04E897AD4C63}
	EndGlobalSection
EndGlobal
